// !$*UTF8*$!
{
	archiveVersion = 1;
	classes = {
	};
	objectVersion = 51;
	objects = {

/* Begin PBXBuildFile section */
		0602708DDB7ED8806A967870 /* Pods_Demo_SearchImage.framework in Frameworks */ = {isa = PBXBuildFile; fileRef = C28DDB8CF0BD1E7708DA07BA /* Pods_Demo_SearchImage.framework */; };
		757BFB872571F89800E3190D /* AppDelegate.swift in Sources */ = {isa = PBXBuildFile; fileRef = 757BFB862571F89800E3190D /* AppDelegate.swift */; };
		757BFB8B2571F89800E3190D /* ViewController.swift in Sources */ = {isa = PBXBuildFile; fileRef = 757BFB8A2571F89800E3190D /* ViewController.swift */; };
		757BFB8E2571F89800E3190D /* Main.storyboard in Resources */ = {isa = PBXBuildFile; fileRef = 757BFB8C2571F89800E3190D /* Main.storyboard */; };
		757BFB912571F89800E3190D /* Demo_SearchImage.xcdatamodeld in Sources */ = {isa = PBXBuildFile; fileRef = 757BFB8F2571F89800E3190D /* Demo_SearchImage.xcdatamodeld */; };
		757BFB932571F89900E3190D /* Assets.xcassets in Resources */ = {isa = PBXBuildFile; fileRef = 757BFB922571F89900E3190D /* Assets.xcassets */; };
		757BFB962571F89900E3190D /* LaunchScreen.storyboard in Resources */ = {isa = PBXBuildFile; fileRef = 757BFB942571F89900E3190D /* LaunchScreen.storyboard */; };
		757BFBA12571F89900E3190D /* Demo_SearchImageTests.swift in Sources */ = {isa = PBXBuildFile; fileRef = 757BFBA02571F89900E3190D /* Demo_SearchImageTests.swift */; };
		757BFBAC2571F89900E3190D /* Demo_SearchImageUITests.swift in Sources */ = {isa = PBXBuildFile; fileRef = 757BFBAB2571F89900E3190D /* Demo_SearchImageUITests.swift */; };
		757BFBD725720B9300E3190D /* SearchBarExt.swift in Sources */ = {isa = PBXBuildFile; fileRef = 757BFBD625720B9300E3190D /* SearchBarExt.swift */; };
		757BFBD825720B9300E3190D /* SearchBarExt.swift in Sources */ = {isa = PBXBuildFile; fileRef = 757BFBD625720B9300E3190D /* SearchBarExt.swift */; };
		757BFBD925720B9300E3190D /* SearchBarExt.swift in Sources */ = {isa = PBXBuildFile; fileRef = 757BFBD625720B9300E3190D /* SearchBarExt.swift */; };
		7583ABDC2572108A00997A4F /* SearchListModel.swift in Sources */ = {isa = PBXBuildFile; fileRef = 7583ABDB2572108A00997A4F /* SearchListModel.swift */; };
		7583ABE12572115400997A4F /* GlobalVars.swift in Sources */ = {isa = PBXBuildFile; fileRef = 7583ABE02572115400997A4F /* GlobalVars.swift */; };
		7583AC09257212EE00997A4F /* ServiceCalss.swift in Sources */ = {isa = PBXBuildFile; fileRef = 7583AC08257212EE00997A4F /* ServiceCalss.swift */; };
		7583AC182572169E00997A4F /* Extensions.swift in Sources */ = {isa = PBXBuildFile; fileRef = 7583AC172572169E00997A4F /* Extensions.swift */; };
		7583AC272572248B00997A4F /* SearchListViewModel.swift in Sources */ = {isa = PBXBuildFile; fileRef = 7583AC262572248B00997A4F /* SearchListViewModel.swift */; };
		7583AC2D2572271100997A4F /* ImageCell.swift in Sources */ = {isa = PBXBuildFile; fileRef = 7583AC2B2572271100997A4F /* ImageCell.swift */; };
		7583AC2E2572271100997A4F /* ImageCell.xib in Resources */ = {isa = PBXBuildFile; fileRef = 7583AC2C2572271100997A4F /* ImageCell.xib */; };
		7583AC3C25724E5600997A4F /* IMG_5845 copy.jpg in Resources */ = {isa = PBXBuildFile; fileRef = 7583AC3B25724E5600997A4F /* IMG_5845 copy.jpg */; };
		7583AC41257258D600997A4F /* ShowImageVC.swift in Sources */ = {isa = PBXBuildFile; fileRef = 7583AC40257258D600997A4F /* ShowImageVC.swift */; };
		7BCE53900AA774C6CB7596F0 /* Pods_Demo_SearchImage_Demo_SearchImageUITests.framework in Frameworks */ = {isa = PBXBuildFile; fileRef = BB51292C40D9201FF7581D54 /* Pods_Demo_SearchImage_Demo_SearchImageUITests.framework */; };
		B25762EFCE1C18B96A20393B /* Pods_Demo_SearchImageTests.framework in Frameworks */ = {isa = PBXBuildFile; fileRef = 29F0B2D9205B1F214FDE391D /* Pods_Demo_SearchImageTests.framework */; };
/* End PBXBuildFile section */

/* Begin PBXContainerItemProxy section */
		757BFB9D2571F89900E3190D /* PBXContainerItemProxy */ = {
			isa = PBXContainerItemProxy;
			containerPortal = 757BFB7B2571F89800E3190D /* Project object */;
			proxyType = 1;
			remoteGlobalIDString = 757BFB822571F89800E3190D;
			remoteInfo = "Demo-SearchImage";
		};
		757BFBA82571F89900E3190D /* PBXContainerItemProxy */ = {
			isa = PBXContainerItemProxy;
			containerPortal = 757BFB7B2571F89800E3190D /* Project object */;
			proxyType = 1;
			remoteGlobalIDString = 757BFB822571F89800E3190D;
			remoteInfo = "Demo-SearchImage";
		};
/* End PBXContainerItemProxy section */

/* Begin PBXFileReference section */
		17BFA63B30A34D1A2462BCE4 /* Pods-Demo-SearchImage-Demo-SearchImageUITests.release.xcconfig */ = {isa = PBXFileReference; includeInIndex = 1; lastKnownFileType = text.xcconfig; name = "Pods-Demo-SearchImage-Demo-SearchImageUITests.release.xcconfig"; path = "Target Support Files/Pods-Demo-SearchImage-Demo-SearchImageUITests/Pods-Demo-SearchImage-Demo-SearchImageUITests.release.xcconfig"; sourceTree = "<group>"; };
		29F0B2D9205B1F214FDE391D /* Pods_Demo_SearchImageTests.framework */ = {isa = PBXFileReference; explicitFileType = wrapper.framework; includeInIndex = 0; path = Pods_Demo_SearchImageTests.framework; sourceTree = BUILT_PRODUCTS_DIR; };
		6BB8642983B09F49214F4ACE /* Pods-Demo-SearchImageTests.release.xcconfig */ = {isa = PBXFileReference; includeInIndex = 1; lastKnownFileType = text.xcconfig; name = "Pods-Demo-SearchImageTests.release.xcconfig"; path = "Target Support Files/Pods-Demo-SearchImageTests/Pods-Demo-SearchImageTests.release.xcconfig"; sourceTree = "<group>"; };
		757BFB832571F89800E3190D /* Demo-SearchImage.app */ = {isa = PBXFileReference; explicitFileType = wrapper.application; includeInIndex = 0; path = "Demo-SearchImage.app"; sourceTree = BUILT_PRODUCTS_DIR; };
		757BFB862571F89800E3190D /* AppDelegate.swift */ = {isa = PBXFileReference; lastKnownFileType = sourcecode.swift; path = AppDelegate.swift; sourceTree = "<group>"; };
		757BFB8A2571F89800E3190D /* ViewController.swift */ = {isa = PBXFileReference; lastKnownFileType = sourcecode.swift; path = ViewController.swift; sourceTree = "<group>"; };
		757BFB8D2571F89800E3190D /* Base */ = {isa = PBXFileReference; lastKnownFileType = file.storyboard; name = Base; path = Base.lproj/Main.storyboard; sourceTree = "<group>"; };
		757BFB902571F89800E3190D /* Demo_SearchImage.xcdatamodel */ = {isa = PBXFileReference; lastKnownFileType = wrapper.xcdatamodel; path = Demo_SearchImage.xcdatamodel; sourceTree = "<group>"; };
		757BFB922571F89900E3190D /* Assets.xcassets */ = {isa = PBXFileReference; lastKnownFileType = folder.assetcatalog; path = Assets.xcassets; sourceTree = "<group>"; };
		757BFB952571F89900E3190D /* Base */ = {isa = PBXFileReference; lastKnownFileType = file.storyboard; name = Base; path = Base.lproj/LaunchScreen.storyboard; sourceTree = "<group>"; };
		757BFB972571F89900E3190D /* Info.plist */ = {isa = PBXFileReference; lastKnownFileType = text.plist.xml; path = Info.plist; sourceTree = "<group>"; };
		757BFB9C2571F89900E3190D /* Demo-SearchImageTests.xctest */ = {isa = PBXFileReference; explicitFileType = wrapper.cfbundle; includeInIndex = 0; path = "Demo-SearchImageTests.xctest"; sourceTree = BUILT_PRODUCTS_DIR; };
		757BFBA02571F89900E3190D /* Demo_SearchImageTests.swift */ = {isa = PBXFileReference; lastKnownFileType = sourcecode.swift; path = Demo_SearchImageTests.swift; sourceTree = "<group>"; };
		757BFBA22571F89900E3190D /* Info.plist */ = {isa = PBXFileReference; lastKnownFileType = text.plist.xml; path = Info.plist; sourceTree = "<group>"; };
		757BFBA72571F89900E3190D /* Demo-SearchImageUITests.xctest */ = {isa = PBXFileReference; explicitFileType = wrapper.cfbundle; includeInIndex = 0; path = "Demo-SearchImageUITests.xctest"; sourceTree = BUILT_PRODUCTS_DIR; };
		757BFBAB2571F89900E3190D /* Demo_SearchImageUITests.swift */ = {isa = PBXFileReference; lastKnownFileType = sourcecode.swift; path = Demo_SearchImageUITests.swift; sourceTree = "<group>"; };
		757BFBAD2571F89900E3190D /* Info.plist */ = {isa = PBXFileReference; lastKnownFileType = text.plist.xml; path = Info.plist; sourceTree = "<group>"; };
		757BFBD625720B9300E3190D /* SearchBarExt.swift */ = {isa = PBXFileReference; fileEncoding = 4; lastKnownFileType = sourcecode.swift; path = SearchBarExt.swift; sourceTree = "<group>"; };
		7583ABDB2572108A00997A4F /* SearchListModel.swift */ = {isa = PBXFileReference; lastKnownFileType = sourcecode.swift; path = SearchListModel.swift; sourceTree = "<group>"; };
		7583ABE02572115400997A4F /* GlobalVars.swift */ = {isa = PBXFileReference; lastKnownFileType = sourcecode.swift; path = GlobalVars.swift; sourceTree = "<group>"; };
		7583AC08257212EE00997A4F /* ServiceCalss.swift */ = {isa = PBXFileReference; lastKnownFileType = sourcecode.swift; path = ServiceCalss.swift; sourceTree = "<group>"; };
		7583AC172572169E00997A4F /* Extensions.swift */ = {isa = PBXFileReference; lastKnownFileType = sourcecode.swift; path = Extensions.swift; sourceTree = "<group>"; };
		7583AC262572248B00997A4F /* SearchListViewModel.swift */ = {isa = PBXFileReference; lastKnownFileType = sourcecode.swift; path = SearchListViewModel.swift; sourceTree = "<group>"; };
		7583AC2B2572271100997A4F /* ImageCell.swift */ = {isa = PBXFileReference; lastKnownFileType = sourcecode.swift; path = ImageCell.swift; sourceTree = "<group>"; };
		7583AC2C2572271100997A4F /* ImageCell.xib */ = {isa = PBXFileReference; lastKnownFileType = file.xib; path = ImageCell.xib; sourceTree = "<group>"; };
		7583AC3B25724E5600997A4F /* IMG_5845 copy.jpg */ = {isa = PBXFileReference; lastKnownFileType = image.jpeg; path = "IMG_5845 copy.jpg"; sourceTree = "<group>"; };
		7583AC40257258D600997A4F /* ShowImageVC.swift */ = {isa = PBXFileReference; lastKnownFileType = sourcecode.swift; path = ShowImageVC.swift; sourceTree = "<group>"; };
		77976DC1843FDA1CCFC666E4 /* Pods-Demo-SearchImage.debug.xcconfig */ = {isa = PBXFileReference; includeInIndex = 1; lastKnownFileType = text.xcconfig; name = "Pods-Demo-SearchImage.debug.xcconfig"; path = "Target Support Files/Pods-Demo-SearchImage/Pods-Demo-SearchImage.debug.xcconfig"; sourceTree = "<group>"; };
		90D972E0D1DD3499FAE86B6F /* Pods-Demo-SearchImageTests.debug.xcconfig */ = {isa = PBXFileReference; includeInIndex = 1; lastKnownFileType = text.xcconfig; name = "Pods-Demo-SearchImageTests.debug.xcconfig"; path = "Target Support Files/Pods-Demo-SearchImageTests/Pods-Demo-SearchImageTests.debug.xcconfig"; sourceTree = "<group>"; };
		BB51292C40D9201FF7581D54 /* Pods_Demo_SearchImage_Demo_SearchImageUITests.framework */ = {isa = PBXFileReference; explicitFileType = wrapper.framework; includeInIndex = 0; path = Pods_Demo_SearchImage_Demo_SearchImageUITests.framework; sourceTree = BUILT_PRODUCTS_DIR; };
		BBCE07B4ACD23AA4D02B42BF /* Pods-Demo-SearchImage-Demo-SearchImageUITests.debug.xcconfig */ = {isa = PBXFileReference; includeInIndex = 1; lastKnownFileType = text.xcconfig; name = "Pods-Demo-SearchImage-Demo-SearchImageUITests.debug.xcconfig"; path = "Target Support Files/Pods-Demo-SearchImage-Demo-SearchImageUITests/Pods-Demo-SearchImage-Demo-SearchImageUITests.debug.xcconfig"; sourceTree = "<group>"; };
		C28DDB8CF0BD1E7708DA07BA /* Pods_Demo_SearchImage.framework */ = {isa = PBXFileReference; explicitFileType = wrapper.framework; includeInIndex = 0; path = Pods_Demo_SearchImage.framework; sourceTree = BUILT_PRODUCTS_DIR; };
		DB088B1BBE84719B9F1E26D9 /* Pods-Demo-SearchImage.release.xcconfig */ = {isa = PBXFileReference; includeInIndex = 1; lastKnownFileType = text.xcconfig; name = "Pods-Demo-SearchImage.release.xcconfig"; path = "Target Support Files/Pods-Demo-SearchImage/Pods-Demo-SearchImage.release.xcconfig"; sourceTree = "<group>"; };
/* End PBXFileReference section */

/* Begin PBXFrameworksBuildPhase section */
		757BFB802571F89800E3190D /* Frameworks */ = {
			isa = PBXFrameworksBuildPhase;
			buildActionMask = 2147483647;
			files = (
				0602708DDB7ED8806A967870 /* Pods_Demo_SearchImage.framework in Frameworks */,
			);
			runOnlyForDeploymentPostprocessing = 0;
		};
		757BFB992571F89900E3190D /* Frameworks */ = {
			isa = PBXFrameworksBuildPhase;
			buildActionMask = 2147483647;
			files = (
				B25762EFCE1C18B96A20393B /* Pods_Demo_SearchImageTests.framework in Frameworks */,
			);
			runOnlyForDeploymentPostprocessing = 0;
		};
		757BFBA42571F89900E3190D /* Frameworks */ = {
			isa = PBXFrameworksBuildPhase;
			buildActionMask = 2147483647;
			files = (
				7BCE53900AA774C6CB7596F0 /* Pods_Demo_SearchImage_Demo_SearchImageUITests.framework in Frameworks */,
			);
			runOnlyForDeploymentPostprocessing = 0;
		};
/* End PBXFrameworksBuildPhase section */

/* Begin PBXGroup section */
		4771F62E659DFE58D69E3D33 /* Frameworks */ = {
			isa = PBXGroup;
			children = (
				C28DDB8CF0BD1E7708DA07BA /* Pods_Demo_SearchImage.framework */,
				BB51292C40D9201FF7581D54 /* Pods_Demo_SearchImage_Demo_SearchImageUITests.framework */,
				29F0B2D9205B1F214FDE391D /* Pods_Demo_SearchImageTests.framework */,
			);
			name = Frameworks;
			sourceTree = "<group>";
		};
		757BFB7A2571F89800E3190D = {
			isa = PBXGroup;
			children = (
				757BFB852571F89800E3190D /* Demo-SearchImage */,
				757BFB9F2571F89900E3190D /* Demo-SearchImageTests */,
				757BFBAA2571F89900E3190D /* Demo-SearchImageUITests */,
				757BFB842571F89800E3190D /* Products */,
				A6057AEE94CAA2BCF662BFB3 /* Pods */,
				4771F62E659DFE58D69E3D33 /* Frameworks */,
			);
			sourceTree = "<group>";
		};
		757BFB842571F89800E3190D /* Products */ = {
			isa = PBXGroup;
			children = (
				757BFB832571F89800E3190D /* Demo-SearchImage.app */,
				757BFB9C2571F89900E3190D /* Demo-SearchImageTests.xctest */,
				757BFBA72571F89900E3190D /* Demo-SearchImageUITests.xctest */,
			);
			name = Products;
			sourceTree = "<group>";
		};
		757BFB852571F89800E3190D /* Demo-SearchImage */ = {
			isa = PBXGroup;
			children = (
				757BFBC725720B5100E3190D /* AppDelegate */,
				7583ABD72572103E00997A4F /* ImageSearchViews */,
				757BFBD225720B6E00E3190D /* Storyboards */,
				757BFBE025720B9600E3190D /* Extensions */,
				7583AC042572121800997A4F /* CustomClass */,
				757BFB922571F89900E3190D /* Assets.xcassets */,
				757BFB972571F89900E3190D /* Info.plist */,
				757BFB8F2571F89800E3190D /* Demo_SearchImage.xcdatamodeld */,
				7583AC3B25724E5600997A4F /* IMG_5845 copy.jpg */,
			);
			path = "Demo-SearchImage";
			sourceTree = "<group>";
		};
		757BFB9F2571F89900E3190D /* Demo-SearchImageTests */ = {
			isa = PBXGroup;
			children = (
				757BFBA02571F89900E3190D /* Demo_SearchImageTests.swift */,
				757BFBA22571F89900E3190D /* Info.plist */,
			);
			path = "Demo-SearchImageTests";
			sourceTree = "<group>";
		};
		757BFBAA2571F89900E3190D /* Demo-SearchImageUITests */ = {
			isa = PBXGroup;
			children = (
				757BFBAB2571F89900E3190D /* Demo_SearchImageUITests.swift */,
				757BFBAD2571F89900E3190D /* Info.plist */,
			);
			path = "Demo-SearchImageUITests";
			sourceTree = "<group>";
		};
		757BFBC725720B5100E3190D /* AppDelegate */ = {
			isa = PBXGroup;
			children = (
				757BFB862571F89800E3190D /* AppDelegate.swift */,
			);
			path = AppDelegate;
			sourceTree = "<group>";
		};
		757BFBCE25720B6100E3190D /* ViewControllers */ = {
			isa = PBXGroup;
			children = (
				757BFB8A2571F89800E3190D /* ViewController.swift */,
				7583AC40257258D600997A4F /* ShowImageVC.swift */,
			);
			path = ViewControllers;
			sourceTree = "<group>";
		};
		757BFBD225720B6E00E3190D /* Storyboards */ = {
			isa = PBXGroup;
			children = (
				757BFB8C2571F89800E3190D /* Main.storyboard */,
				757BFB942571F89900E3190D /* LaunchScreen.storyboard */,
			);
			path = Storyboards;
			sourceTree = "<group>";
		};
		757BFBE025720B9600E3190D /* Extensions */ = {
			isa = PBXGroup;
			children = (
				757BFBD625720B9300E3190D /* SearchBarExt.swift */,
				7583AC172572169E00997A4F /* Extensions.swift */,
			);
			path = Extensions;
			sourceTree = "<group>";
		};
		7583ABD72572103E00997A4F /* ImageSearchViews */ = {
			isa = PBXGroup;
			children = (
				757BFBCE25720B6100E3190D /* ViewControllers */,
				7583AC4825725DA900997A4F /* Model */,
				7583AC4925725DB200997A4F /* ViewModel */,
				7583AC4D25725DBA00997A4F /* View */,
			);
			path = ImageSearchViews;
			sourceTree = "<group>";
		};
		7583AC042572121800997A4F /* CustomClass */ = {
			isa = PBXGroup;
			children = (
				7583ABE02572115400997A4F /* GlobalVars.swift */,
				7583AC08257212EE00997A4F /* ServiceCalss.swift */,
			);
			path = CustomClass;
			sourceTree = "<group>";
		};
		7583AC4825725DA900997A4F /* Model */ = {
			isa = PBXGroup;
			children = (
				7583ABDB2572108A00997A4F /* SearchListModel.swift */,
			);
			path = Model;
			sourceTree = "<group>";
		};
		7583AC4925725DB200997A4F /* ViewModel */ = {
			isa = PBXGroup;
			children = (
				7583AC262572248B00997A4F /* SearchListViewModel.swift */,
			);
			path = ViewModel;
			sourceTree = "<group>";
		};
		7583AC4D25725DBA00997A4F /* View */ = {
			isa = PBXGroup;
			children = (
				7583AC2B2572271100997A4F /* ImageCell.swift */,
				7583AC2C2572271100997A4F /* ImageCell.xib */,
			);
			path = View;
			sourceTree = "<group>";
		};
		A6057AEE94CAA2BCF662BFB3 /* Pods */ = {
			isa = PBXGroup;
			children = (
				77976DC1843FDA1CCFC666E4 /* Pods-Demo-SearchImage.debug.xcconfig */,
				DB088B1BBE84719B9F1E26D9 /* Pods-Demo-SearchImage.release.xcconfig */,
				BBCE07B4ACD23AA4D02B42BF /* Pods-Demo-SearchImage-Demo-SearchImageUITests.debug.xcconfig */,
				17BFA63B30A34D1A2462BCE4 /* Pods-Demo-SearchImage-Demo-SearchImageUITests.release.xcconfig */,
				90D972E0D1DD3499FAE86B6F /* Pods-Demo-SearchImageTests.debug.xcconfig */,
				6BB8642983B09F49214F4ACE /* Pods-Demo-SearchImageTests.release.xcconfig */,
			);
			path = Pods;
			sourceTree = "<group>";
		};
/* End PBXGroup section */

/* Begin PBXNativeTarget section */
		757BFB822571F89800E3190D /* Demo-SearchImage */ = {
			isa = PBXNativeTarget;
			buildConfigurationList = 757BFBB02571F89900E3190D /* Build configuration list for PBXNativeTarget "Demo-SearchImage" */;
			buildPhases = (
				7BAC63F146CAD8D4C3E34F3F /* [CP] Check Pods Manifest.lock */,
				757BFB7F2571F89800E3190D /* Sources */,
				757BFB802571F89800E3190D /* Frameworks */,
				757BFB812571F89800E3190D /* Resources */,
				7FE231181578B457B96A79F8 /* [CP] Embed Pods Frameworks */,
			);
			buildRules = (
			);
			dependencies = (
			);
			name = "Demo-SearchImage";
			productName = "Demo-SearchImage";
			productReference = 757BFB832571F89800E3190D /* Demo-SearchImage.app */;
			productType = "com.apple.product-type.application";
		};
		757BFB9B2571F89900E3190D /* Demo-SearchImageTests */ = {
			isa = PBXNativeTarget;
			buildConfigurationList = 757BFBB32571F89900E3190D /* Build configuration list for PBXNativeTarget "Demo-SearchImageTests" */;
			buildPhases = (
				F823672D92C73338932A1279 /* [CP] Check Pods Manifest.lock */,
				757BFB982571F89900E3190D /* Sources */,
				757BFB992571F89900E3190D /* Frameworks */,
				757BFB9A2571F89900E3190D /* Resources */,
			);
			buildRules = (
			);
			dependencies = (
				757BFB9E2571F89900E3190D /* PBXTargetDependency */,
			);
			name = "Demo-SearchImageTests";
			productName = "Demo-SearchImageTests";
			productReference = 757BFB9C2571F89900E3190D /* Demo-SearchImageTests.xctest */;
			productType = "com.apple.product-type.bundle.unit-test";
		};
		757BFBA62571F89900E3190D /* Demo-SearchImageUITests */ = {
			isa = PBXNativeTarget;
			buildConfigurationList = 757BFBB62571F89900E3190D /* Build configuration list for PBXNativeTarget "Demo-SearchImageUITests" */;
			buildPhases = (
				D05211A7A7E452187B2B3879 /* [CP] Check Pods Manifest.lock */,
				757BFBA32571F89900E3190D /* Sources */,
				757BFBA42571F89900E3190D /* Frameworks */,
				757BFBA52571F89900E3190D /* Resources */,
				06D51974008C8D789A7ED7C5 /* [CP] Embed Pods Frameworks */,
			);
			buildRules = (
			);
			dependencies = (
				757BFBA92571F89900E3190D /* PBXTargetDependency */,
			);
			name = "Demo-SearchImageUITests";
			productName = "Demo-SearchImageUITests";
			productReference = 757BFBA72571F89900E3190D /* Demo-SearchImageUITests.xctest */;
			productType = "com.apple.product-type.bundle.ui-testing";
		};
/* End PBXNativeTarget section */

/* Begin PBXProject section */
		757BFB7B2571F89800E3190D /* Project object */ = {
			isa = PBXProject;
			attributes = {
				LastSwiftUpdateCheck = 1200;
				LastUpgradeCheck = 1200;
				TargetAttributes = {
					757BFB822571F89800E3190D = {
						CreatedOnToolsVersion = 12.0;
					};
					757BFB9B2571F89900E3190D = {
						CreatedOnToolsVersion = 12.0;
						TestTargetID = 757BFB822571F89800E3190D;
					};
					757BFBA62571F89900E3190D = {
						CreatedOnToolsVersion = 12.0;
						TestTargetID = 757BFB822571F89800E3190D;
					};
				};
			};
			buildConfigurationList = 757BFB7E2571F89800E3190D /* Build configuration list for PBXProject "Demo-SearchImage" */;
			compatibilityVersion = "Xcode 9.3";
			developmentRegion = en;
			hasScannedForEncodings = 0;
			knownRegions = (
				en,
				Base,
			);
			mainGroup = 757BFB7A2571F89800E3190D;
			productRefGroup = 757BFB842571F89800E3190D /* Products */;
			projectDirPath = "";
			projectRoot = "";
			targets = (
				757BFB822571F89800E3190D /* Demo-SearchImage */,
				757BFB9B2571F89900E3190D /* Demo-SearchImageTests */,
				757BFBA62571F89900E3190D /* Demo-SearchImageUITests */,
			);
		};
/* End PBXProject section */

/* Begin PBXResourcesBuildPhase section */
		757BFB812571F89800E3190D /* Resources */ = {
			isa = PBXResourcesBuildPhase;
			buildActionMask = 2147483647;
			files = (
				7583AC3C25724E5600997A4F /* IMG_5845 copy.jpg in Resources */,
				757BFB962571F89900E3190D /* LaunchScreen.storyboard in Resources */,
				7583AC2E2572271100997A4F /* ImageCell.xib in Resources */,
				757BFB932571F89900E3190D /* Assets.xcassets in Resources */,
				757BFB8E2571F89800E3190D /* Main.storyboard in Resources */,
			);
			runOnlyForDeploymentPostprocessing = 0;
		};
		757BFB9A2571F89900E3190D /* Resources */ = {
			isa = PBXResourcesBuildPhase;
			buildActionMask = 2147483647;
			files = (
			);
			runOnlyForDeploymentPostprocessing = 0;
		};
		757BFBA52571F89900E3190D /* Resources */ = {
			isa = PBXResourcesBuildPhase;
			buildActionMask = 2147483647;
			files = (
			);
			runOnlyForDeploymentPostprocessing = 0;
		};
/* End PBXResourcesBuildPhase section */

/* Begin PBXShellScriptBuildPhase section */
		06D51974008C8D789A7ED7C5 /* [CP] Embed Pods Frameworks */ = {
			isa = PBXShellScriptBuildPhase;
			buildActionMask = 2147483647;
			files = (
			);
			inputFileListPaths = (
				"${PODS_ROOT}/Target Support Files/Pods-Demo-SearchImage-Demo-SearchImageUITests/Pods-Demo-SearchImage-Demo-SearchImageUITests-frameworks-${CONFIGURATION}-input-files.xcfilelist",
			);
			name = "[CP] Embed Pods Frameworks";
			outputFileListPaths = (
				"${PODS_ROOT}/Target Support Files/Pods-Demo-SearchImage-Demo-SearchImageUITests/Pods-Demo-SearchImage-Demo-SearchImageUITests-frameworks-${CONFIGURATION}-output-files.xcfilelist",
			);
			runOnlyForDeploymentPostprocessing = 0;
			shellPath = /bin/sh;
			shellScript = "\"${PODS_ROOT}/Target Support Files/Pods-Demo-SearchImage-Demo-SearchImageUITests/Pods-Demo-SearchImage-Demo-SearchImageUITests-frameworks.sh\"\n";
			showEnvVarsInLog = 0;
		};
		7BAC63F146CAD8D4C3E34F3F /* [CP] Check Pods Manifest.lock */ = {
			isa = PBXShellScriptBuildPhase;
			buildActionMask = 2147483647;
			files = (
			);
			inputFileListPaths = (
			);
			inputPaths = (
				"${PODS_PODFILE_DIR_PATH}/Podfile.lock",
				"${PODS_ROOT}/Manifest.lock",
			);
			name = "[CP] Check Pods Manifest.lock";
			outputFileListPaths = (
			);
			outputPaths = (
				"$(DERIVED_FILE_DIR)/Pods-Demo-SearchImage-checkManifestLockResult.txt",
			);
			runOnlyForDeploymentPostprocessing = 0;
			shellPath = /bin/sh;
			shellScript = "diff \"${PODS_PODFILE_DIR_PATH}/Podfile.lock\" \"${PODS_ROOT}/Manifest.lock\" > /dev/null\nif [ $? != 0 ] ; then\n    # print error to STDERR\n    echo \"error: The sandbox is not in sync with the Podfile.lock. Run 'pod install' or update your CocoaPods installation.\" >&2\n    exit 1\nfi\n# This output is used by Xcode 'outputs' to avoid re-running this script phase.\necho \"SUCCESS\" > \"${SCRIPT_OUTPUT_FILE_0}\"\n";
			showEnvVarsInLog = 0;
		};
		7FE231181578B457B96A79F8 /* [CP] Embed Pods Frameworks */ = {
			isa = PBXShellScriptBuildPhase;
			buildActionMask = 2147483647;
			files = (
			);
			inputFileListPaths = (
				"${PODS_ROOT}/Target Support Files/Pods-Demo-SearchImage/Pods-Demo-SearchImage-frameworks-${CONFIGURATION}-input-files.xcfilelist",
			);
			name = "[CP] Embed Pods Frameworks";
			outputFileListPaths = (
				"${PODS_ROOT}/Target Support Files/Pods-Demo-SearchImage/Pods-Demo-SearchImage-frameworks-${CONFIGURATION}-output-files.xcfilelist",
			);
			runOnlyForDeploymentPostprocessing = 0;
			shellPath = /bin/sh;
			shellScript = "\"${PODS_ROOT}/Target Support Files/Pods-Demo-SearchImage/Pods-Demo-SearchImage-frameworks.sh\"\n";
			showEnvVarsInLog = 0;
		};
		D05211A7A7E452187B2B3879 /* [CP] Check Pods Manifest.lock */ = {
			isa = PBXShellScriptBuildPhase;
			buildActionMask = 2147483647;
			files = (
			);
			inputFileListPaths = (
			);
			inputPaths = (
				"${PODS_PODFILE_DIR_PATH}/Podfile.lock",
				"${PODS_ROOT}/Manifest.lock",
			);
			name = "[CP] Check Pods Manifest.lock";
			outputFileListPaths = (
			);
			outputPaths = (
				"$(DERIVED_FILE_DIR)/Pods-Demo-SearchImage-Demo-SearchImageUITests-checkManifestLockResult.txt",
			);
			runOnlyForDeploymentPostprocessing = 0;
			shellPath = /bin/sh;
			shellScript = "diff \"${PODS_PODFILE_DIR_PATH}/Podfile.lock\" \"${PODS_ROOT}/Manifest.lock\" > /dev/null\nif [ $? != 0 ] ; then\n    # print error to STDERR\n    echo \"error: The sandbox is not in sync with the Podfile.lock. Run 'pod install' or update your CocoaPods installation.\" >&2\n    exit 1\nfi\n# This output is used by Xcode 'outputs' to avoid re-running this script phase.\necho \"SUCCESS\" > \"${SCRIPT_OUTPUT_FILE_0}\"\n";
			showEnvVarsInLog = 0;
		};
		F823672D92C73338932A1279 /* [CP] Check Pods Manifest.lock */ = {
			isa = PBXShellScriptBuildPhase;
			buildActionMask = 2147483647;
			files = (
			);
			inputFileListPaths = (
			);
			inputPaths = (
				"${PODS_PODFILE_DIR_PATH}/Podfile.lock",
				"${PODS_ROOT}/Manifest.lock",
			);
			name = "[CP] Check Pods Manifest.lock";
			outputFileListPaths = (
			);
			outputPaths = (
				"$(DERIVED_FILE_DIR)/Pods-Demo-SearchImageTests-checkManifestLockResult.txt",
			);
			runOnlyForDeploymentPostprocessing = 0;
			shellPath = /bin/sh;
			shellScript = "diff \"${PODS_PODFILE_DIR_PATH}/Podfile.lock\" \"${PODS_ROOT}/Manifest.lock\" > /dev/null\nif [ $? != 0 ] ; then\n    # print error to STDERR\n    echo \"error: The sandbox is not in sync with the Podfile.lock. Run 'pod install' or update your CocoaPods installation.\" >&2\n    exit 1\nfi\n# This output is used by Xcode 'outputs' to avoid re-running this script phase.\necho \"SUCCESS\" > \"${SCRIPT_OUTPUT_FILE_0}\"\n";
			showEnvVarsInLog = 0;
		};
/* End PBXShellScriptBuildPhase section */

/* Begin PBXSourcesBuildPhase section */
		757BFB7F2571F89800E3190D /* Sources */ = {
			isa = PBXSourcesBuildPhase;
			buildActionMask = 2147483647;
			files = (
				7583ABDC2572108A00997A4F /* SearchListModel.swift in Sources */,
				757BFB8B2571F89800E3190D /* ViewController.swift in Sources */,
				7583AC09257212EE00997A4F /* ServiceCalss.swift in Sources */,
				7583AC182572169E00997A4F /* Extensions.swift in Sources */,
				757BFBD725720B9300E3190D /* SearchBarExt.swift in Sources */,
				7583AC272572248B00997A4F /* SearchListViewModel.swift in Sources */,
				757BFB872571F89800E3190D /* AppDelegate.swift in Sources */,
				7583AC41257258D600997A4F /* ShowImageVC.swift in Sources */,
				757BFB912571F89800E3190D /* Demo_SearchImage.xcdatamodeld in Sources */,
				7583ABE12572115400997A4F /* GlobalVars.swift in Sources */,
				7583AC2D2572271100997A4F /* ImageCell.swift in Sources */,
			);
			runOnlyForDeploymentPostprocessing = 0;
		};
		757BFB982571F89900E3190D /* Sources */ = {
			isa = PBXSourcesBuildPhase;
			buildActionMask = 2147483647;
			files = (
				757BFBA12571F89900E3190D /* Demo_SearchImageTests.swift in Sources */,
				757BFBD825720B9300E3190D /* SearchBarExt.swift in Sources */,
			);
			runOnlyForDeploymentPostprocessing = 0;
		};
		757BFBA32571F89900E3190D /* Sources */ = {
			isa = PBXSourcesBuildPhase;
			buildActionMask = 2147483647;
			files = (
				757BFBAC2571F89900E3190D /* Demo_SearchImageUITests.swift in Sources */,
				757BFBD925720B9300E3190D /* SearchBarExt.swift in Sources */,
			);
			runOnlyForDeploymentPostprocessing = 0;
		};
/* End PBXSourcesBuildPhase section */

/* Begin PBXTargetDependency section */
		757BFB9E2571F89900E3190D /* PBXTargetDependency */ = {
			isa = PBXTargetDependency;
			target = 757BFB822571F89800E3190D /* Demo-SearchImage */;
			targetProxy = 757BFB9D2571F89900E3190D /* PBXContainerItemProxy */;
		};
		757BFBA92571F89900E3190D /* PBXTargetDependency */ = {
			isa = PBXTargetDependency;
			target = 757BFB822571F89800E3190D /* Demo-SearchImage */;
			targetProxy = 757BFBA82571F89900E3190D /* PBXContainerItemProxy */;
		};
/* End PBXTargetDependency section */

/* Begin PBXVariantGroup section */
		757BFB8C2571F89800E3190D /* Main.storyboard */ = {
			isa = PBXVariantGroup;
			children = (
				757BFB8D2571F89800E3190D /* Base */,
			);
			name = Main.storyboard;
			sourceTree = "<group>";
		};
		757BFB942571F89900E3190D /* LaunchScreen.storyboard */ = {
			isa = PBXVariantGroup;
			children = (
				757BFB952571F89900E3190D /* Base */,
			);
			name = LaunchScreen.storyboard;
			sourceTree = "<group>";
		};
/* End PBXVariantGroup section */

/* Begin XCBuildConfiguration section */
		757BFBAE2571F89900E3190D /* Debug */ = {
			isa = XCBuildConfiguration;
			buildSettings = {
				ALWAYS_SEARCH_USER_PATHS = NO;
				CLANG_ANALYZER_NONNULL = YES;
				CLANG_ANALYZER_NUMBER_OBJECT_CONVERSION = YES_AGGRESSIVE;
				CLANG_CXX_LANGUAGE_STANDARD = "gnu++14";
				CLANG_CXX_LIBRARY = "libc++";
				CLANG_ENABLE_MODULES = YES;
				CLANG_ENABLE_OBJC_ARC = YES;
				CLANG_ENABLE_OBJC_WEAK = YES;
				CLANG_WARN_BLOCK_CAPTURE_AUTORELEASING = YES;
				CLANG_WARN_BOOL_CONVERSION = YES;
				CLANG_WARN_COMMA = YES;
				CLANG_WARN_CONSTANT_CONVERSION = YES;
				CLANG_WARN_DEPRECATED_OBJC_IMPLEMENTATIONS = YES;
				CLANG_WARN_DIRECT_OBJC_ISA_USAGE = YES_ERROR;
				CLANG_WARN_DOCUMENTATION_COMMENTS = YES;
				CLANG_WARN_EMPTY_BODY = YES;
				CLANG_WARN_ENUM_CONVERSION = YES;
				CLANG_WARN_INFINITE_RECURSION = YES;
				CLANG_WARN_INT_CONVERSION = YES;
				CLANG_WARN_NON_LITERAL_NULL_CONVERSION = YES;
				CLANG_WARN_OBJC_IMPLICIT_RETAIN_SELF = YES;
				CLANG_WARN_OBJC_LITERAL_CONVERSION = YES;
				CLANG_WARN_OBJC_ROOT_CLASS = YES_ERROR;
				CLANG_WARN_QUOTED_INCLUDE_IN_FRAMEWORK_HEADER = YES;
				CLANG_WARN_RANGE_LOOP_ANALYSIS = YES;
				CLANG_WARN_STRICT_PROTOTYPES = YES;
				CLANG_WARN_SUSPICIOUS_MOVE = YES;
				CLANG_WARN_UNGUARDED_AVAILABILITY = YES_AGGRESSIVE;
				CLANG_WARN_UNREACHABLE_CODE = YES;
				CLANG_WARN__DUPLICATE_METHOD_MATCH = YES;
				COPY_PHASE_STRIP = NO;
				DEBUG_INFORMATION_FORMAT = dwarf;
				ENABLE_STRICT_OBJC_MSGSEND = YES;
				ENABLE_TESTABILITY = YES;
				GCC_C_LANGUAGE_STANDARD = gnu11;
				GCC_DYNAMIC_NO_PIC = NO;
				GCC_NO_COMMON_BLOCKS = YES;
				GCC_OPTIMIZATION_LEVEL = 0;
				GCC_PREPROCESSOR_DEFINITIONS = (
					"DEBUG=1",
					"$(inherited)",
				);
				GCC_WARN_64_TO_32_BIT_CONVERSION = YES;
				GCC_WARN_ABOUT_RETURN_TYPE = YES_ERROR;
				GCC_WARN_UNDECLARED_SELECTOR = YES;
				GCC_WARN_UNINITIALIZED_AUTOS = YES_AGGRESSIVE;
				GCC_WARN_UNUSED_FUNCTION = YES;
				GCC_WARN_UNUSED_VARIABLE = YES;
				IPHONEOS_DEPLOYMENT_TARGET = 14.0;
				MTL_ENABLE_DEBUG_INFO = INCLUDE_SOURCE;
				MTL_FAST_MATH = YES;
				ONLY_ACTIVE_ARCH = YES;
				SDKROOT = iphoneos;
				SWIFT_ACTIVE_COMPILATION_CONDITIONS = DEBUG;
				SWIFT_OPTIMIZATION_LEVEL = "-Onone";
			};
			name = Debug;
		};
		757BFBAF2571F89900E3190D /* Release */ = {
			isa = XCBuildConfiguration;
			buildSettings = {
				ALWAYS_SEARCH_USER_PATHS = NO;
				CLANG_ANALYZER_NONNULL = YES;
				CLANG_ANALYZER_NUMBER_OBJECT_CONVERSION = YES_AGGRESSIVE;
				CLANG_CXX_LANGUAGE_STANDARD = "gnu++14";
				CLANG_CXX_LIBRARY = "libc++";
				CLANG_ENABLE_MODULES = YES;
				CLANG_ENABLE_OBJC_ARC = YES;
				CLANG_ENABLE_OBJC_WEAK = YES;
				CLANG_WARN_BLOCK_CAPTURE_AUTORELEASING = YES;
				CLANG_WARN_BOOL_CONVERSION = YES;
				CLANG_WARN_COMMA = YES;
				CLANG_WARN_CONSTANT_CONVERSION = YES;
				CLANG_WARN_DEPRECATED_OBJC_IMPLEMENTATIONS = YES;
				CLANG_WARN_DIRECT_OBJC_ISA_USAGE = YES_ERROR;
				CLANG_WARN_DOCUMENTATION_COMMENTS = YES;
				CLANG_WARN_EMPTY_BODY = YES;
				CLANG_WARN_ENUM_CONVERSION = YES;
				CLANG_WARN_INFINITE_RECURSION = YES;
				CLANG_WARN_INT_CONVERSION = YES;
				CLANG_WARN_NON_LITERAL_NULL_CONVERSION = YES;
				CLANG_WARN_OBJC_IMPLICIT_RETAIN_SELF = YES;
				CLANG_WARN_OBJC_LITERAL_CONVERSION = YES;
				CLANG_WARN_OBJC_ROOT_CLASS = YES_ERROR;
				CLANG_WARN_QUOTED_INCLUDE_IN_FRAMEWORK_HEADER = YES;
				CLANG_WARN_RANGE_LOOP_ANALYSIS = YES;
				CLANG_WARN_STRICT_PROTOTYPES = YES;
				CLANG_WARN_SUSPICIOUS_MOVE = YES;
				CLANG_WARN_UNGUARDED_AVAILABILITY = YES_AGGRESSIVE;
				CLANG_WARN_UNREACHABLE_CODE = YES;
				CLANG_WARN__DUPLICATE_METHOD_MATCH = YES;
				COPY_PHASE_STRIP = NO;
				DEBUG_INFORMATION_FORMAT = "dwarf-with-dsym";
				ENABLE_NS_ASSERTIONS = NO;
				ENABLE_STRICT_OBJC_MSGSEND = YES;
				GCC_C_LANGUAGE_STANDARD = gnu11;
				GCC_NO_COMMON_BLOCKS = YES;
				GCC_WARN_64_TO_32_BIT_CONVERSION = YES;
				GCC_WARN_ABOUT_RETURN_TYPE = YES_ERROR;
				GCC_WARN_UNDECLARED_SELECTOR = YES;
				GCC_WARN_UNINITIALIZED_AUTOS = YES_AGGRESSIVE;
				GCC_WARN_UNUSED_FUNCTION = YES;
				GCC_WARN_UNUSED_VARIABLE = YES;
				IPHONEOS_DEPLOYMENT_TARGET = 14.0;
				MTL_ENABLE_DEBUG_INFO = NO;
				MTL_FAST_MATH = YES;
				SDKROOT = iphoneos;
				SWIFT_COMPILATION_MODE = wholemodule;
				SWIFT_OPTIMIZATION_LEVEL = "-O";
				VALIDATE_PRODUCT = YES;
			};
			name = Release;
		};
		757BFBB12571F89900E3190D /* Debug */ = {
			isa = XCBuildConfiguration;
			baseConfigurationReference = 77976DC1843FDA1CCFC666E4 /* Pods-Demo-SearchImage.debug.xcconfig */;
			buildSettings = {
				ASSETCATALOG_COMPILER_APPICON_NAME = AppIcon;
				ASSETCATALOG_COMPILER_GLOBAL_ACCENT_COLOR_NAME = AccentColor;
				CODE_SIGN_STYLE = Automatic;
				DEVELOPMENT_TEAM = 5MD528GNDJ;
				INFOPLIST_FILE = "Demo-SearchImage/Info.plist";
				IPHONEOS_DEPLOYMENT_TARGET = 10.0;
				LD_RUNPATH_SEARCH_PATHS = (
					"$(inherited)",
					"@executable_path/Frameworks",
				);
				PRODUCT_BUNDLE_IDENTIFIER = "com.Demo-SearchImage";
				PRODUCT_NAME = "$(TARGET_NAME)";
				SWIFT_VERSION = 5.0;
				TARGETED_DEVICE_FAMILY = "1,2";
			};
			name = Debug;
		};
		757BFBB22571F89900E3190D /* Release */ = {
			isa = XCBuildConfiguration;
			baseConfigurationReference = DB088B1BBE84719B9F1E26D9 /* Pods-Demo-SearchImage.release.xcconfig */;
			buildSettings = {
				ASSETCATALOG_COMPILER_APPICON_NAME = AppIcon;
				ASSETCATALOG_COMPILER_GLOBAL_ACCENT_COLOR_NAME = AccentColor;
				CODE_SIGN_STYLE = Automatic;
				DEVELOPMENT_TEAM = 5MD528GNDJ;
				INFOPLIST_FILE = "Demo-SearchImage/Info.plist";
				IPHONEOS_DEPLOYMENT_TARGET = 10.0;
				LD_RUNPATH_SEARCH_PATHS = (
					"$(inherited)",
					"@executable_path/Frameworks",
				);
				PRODUCT_BUNDLE_IDENTIFIER = "com.Demo-SearchImage";
				PRODUCT_NAME = "$(TARGET_NAME)";
				SWIFT_VERSION = 5.0;
				TARGETED_DEVICE_FAMILY = "1,2";
			};
			name = Release;
		};
		757BFBB42571F89900E3190D /* Debug */ = {
			isa = XCBuildConfiguration;
			baseConfigurationReference = 90D972E0D1DD3499FAE86B6F /* Pods-Demo-SearchImageTests.debug.xcconfig */;
			buildSettings = {
				ALWAYS_EMBED_SWIFT_STANDARD_LIBRARIES = YES;
				BUNDLE_LOADER = "$(TEST_HOST)";
				CODE_SIGN_STYLE = Automatic;
				DEVELOPMENT_TEAM = 5MD528GNDJ;
				INFOPLIST_FILE = "Demo-SearchImageTests/Info.plist";
				IPHONEOS_DEPLOYMENT_TARGET = 14.0;
				LD_RUNPATH_SEARCH_PATHS = (
					"$(inherited)",
					"@executable_path/Frameworks",
					"@loader_path/Frameworks",
				);
				PRODUCT_BUNDLE_IDENTIFIER = "com.Demo-SearchImageTests";
				PRODUCT_NAME = "$(TARGET_NAME)";
				SWIFT_VERSION = 5.0;
				TARGETED_DEVICE_FAMILY = "1,2";
				TEST_HOST = "$(BUILT_PRODUCTS_DIR)/Demo-SearchImage.app/Demo-SearchImage";
			};
			name = Debug;
		};
		757BFBB52571F89900E3190D /* Release */ = {
			isa = XCBuildConfiguration;
			baseConfigurationReference = 6BB8642983B09F49214F4ACE /* Pods-Demo-SearchImageTests.release.xcconfig */;
			buildSettings = {
				ALWAYS_EMBED_SWIFT_STANDARD_LIBRARIES = YES;
				BUNDLE_LOADER = "$(TEST_HOST)";
				CODE_SIGN_STYLE = Automatic;
				DEVELOPMENT_TEAM = 5MD528GNDJ;
				INFOPLIST_FILE = "Demo-SearchImageTests/Info.plist";
				IPHONEOS_DEPLOYMENT_TARGET = 14.0;
				LD_RUNPATH_SEARCH_PATHS = (
					"$(inherited)",
					"@executable_path/Frameworks",
					"@loader_path/Frameworks",
				);
				PRODUCT_BUNDLE_IDENTIFIER = "com.Demo-SearchImageTests";
				PRODUCT_NAME = "$(TARGET_NAME)";
				SWIFT_VERSION = 5.0;
				TARGETED_DEVICE_FAMILY = "1,2";
				TEST_HOST = "$(BUILT_PRODUCTS_DIR)/Demo-SearchImage.app/Demo-SearchImage";
			};
			name = Release;
		};
		757BFBB72571F89900E3190D /* Debug */ = {
			isa = XCBuildConfiguration;
			baseConfigurationReference = BBCE07B4ACD23AA4D02B42BF /* Pods-Demo-SearchImage-Demo-SearchImageUITests.debug.xcconfig */;
			buildSettings = {
				ALWAYS_EMBED_SWIFT_STANDARD_LIBRARIES = YES;
				CODE_SIGN_STYLE = Automatic;
				DEVELOPMENT_TEAM = 5MD528GNDJ;
				INFOPLIST_FILE = "Demo-SearchImageUITests/Info.plist";
				LD_RUNPATH_SEARCH_PATHS = (
					"$(inherited)",
					"@executable_path/Frameworks",
					"@loader_path/Frameworks",
				);
				PRODUCT_BUNDLE_IDENTIFIER = "com.Demo-SearchImageUITests";
				PRODUCT_NAME = "$(TARGET_NAME)";
				SWIFT_VERSION = 5.0;
				TARGETED_DEVICE_FAMILY = "1,2";
				TEST_TARGET_NAME = "Demo-SearchImage";
			};
			name = Debug;
		};
		757BFBB82571F89900E3190D /* Release */ = {
			isa = XCBuildConfiguration;
			baseConfigurationReference = 17BFA63B30A34D1A2462BCE4 /* Pods-Demo-SearchImage-Demo-SearchImageUITests.release.xcconfig */;
			buildSettings = {
				ALWAYS_EMBED_SWIFT_STANDARD_LIBRARIES = YES;
				CODE_SIGN_STYLE = Automatic;
				DEVELOPMENT_TEAM = 5MD528GNDJ;
				INFOPLIST_FILE = "Demo-SearchImageUITests/Info.plist";
				LD_RUNPATH_SEARCH_PATHS = (
					"$(inherited)",
					"@executable_path/Frameworks",
					"@loader_path/Frameworks",
				);
				PRODUCT_BUNDLE_IDENTIFIER = "com.Demo-SearchImageUITests";
				PRODUCT_NAME = "$(TARGET_NAME)";
				SWIFT_VERSION = 5.0;
				TARGETED_DEVICE_FAMILY = "1,2";
				TEST_TARGET_NAME = "Demo-SearchImage";
			};
			name = Release;
		};
/* End XCBuildConfiguration section */

/* Begin XCConfigurationList section */
		757BFB7E2571F89800E3190D /* Build configuration list for PBXProject "Demo-SearchImage" */ = {
			isa = XCConfigurationList;
			buildConfigurations = (
				757BFBAE2571F89900E3190D /* Debug */,
				757BFBAF2571F89900E3190D /* Release */,
			);
			defaultConfigurationIsVisible = 0;
			defaultConfigurationName = Release;
		};
		757BFBB02571F89900E3190D /* Build configuration list for PBXNativeTarget "Demo-SearchImage" */ = {
			isa = XCConfigurationList;
			buildConfigurations = (
				757BFBB12571F89900E3190D /* Debug */,
				757BFBB22571F89900E3190D /* Release */,
			);
			defaultConfigurationIsVisible = 0;
			defaultConfigurationName = Release;
		};
		757BFBB32571F89900E3190D /* Build configuration list for PBXNativeTarget "Demo-SearchImageTests" */ = {
			isa = XCConfigurationList;
			buildConfigurations = (
				757BFBB42571F89900E3190D /* Debug */,
				757BFBB52571F89900E3190D /* Release */,
			);
			defaultConfigurationIsVisible = 0;
			defaultConfigurationName = Release;
		};
		757BFBB62571F89900E3190D /* Build configuration list for PBXNativeTarget "Demo-SearchImageUITests" */ = {
			isa = XCConfigurationList;
			buildConfigurations = (
				757BFBB72571F89900E3190D /* Debug */,
				757BFBB82571F89900E3190D /* Release */,
			);
			defaultConfigurationIsVisible = 0;
			defaultConfigurationName = Release;
		};
/* End XCConfigurationList section */

/* Begin XCVersionGroup section */
		757BFB8F2571F89800E3190D /* Demo_SearchImage.xcdatamodeld */ = {
			isa = XCVersionGroup;
			children = (
				757BFB902571F89800E3190D /* Demo_SearchImage.xcdatamodel */,
			);
			currentVersion = 757BFB902571F89800E3190D /* Demo_SearchImage.xcdatamodel */;
			path = Demo_SearchImage.xcdatamodeld;
			sourceTree = "<group>";
			versionGroupType = wrapper.xcdatamodel;
		};
/* End XCVersionGroup section */
	};
	rootObject = 757BFB7B2571F89800E3190D /* Project object */;
}
